{
  "requires": true,
  "lockfileVersion": 1,
  "dependencies": {
    "@cycle/dom": {
      "version": "22.3.0",
      "resolved": "https://registry.npmjs.org/@cycle/dom/-/dom-22.3.0.tgz",
      "integrity": "sha512-7VMGsiQsHp8cHD+o3HcuOrvHkTlS7TY1aNyLoEJD0p5cWmxzaiotapFH+6rDpNq4FzuiIeZLR5SPHVNEt9pBQA==",
      "requires": {
        "@cycle/run": "5.2.0",
        "snabbdom": "0.7.3",
        "snabbdom-selector": "4.1.0",
        "xstream": "11.10.0"
      }
    },
    "@cycle/isolate": {
      "version": "5.0.0",
      "resolved": "https://registry.npmjs.org/@cycle/isolate/-/isolate-5.0.0.tgz",
      "integrity": "sha512-9MS+Z7AjRzYljOc+AqSQUQBmQw0473rqv6op0dyhumILydcGirTmR6hrilJ/IYcYjeDEYaVfftYuIu15kU/Qcg==",
      "requires": {
        "@cycle/run": "5.2.0",
        "xstream": "11.10.0"
      }
    },
    "@cycle/most-run": {
      "version": "8.2.0",
      "resolved": "https://registry.npmjs.org/@cycle/most-run/-/most-run-8.2.0.tgz",
      "integrity": "sha512-PG0wJtaY495qGb6EkaZdtATOyZ33YJ3j02IpTmZFckIDjNsfHsVR/KTtWzSrtjn/Z7vAXzUXOCqEexYtywd9qw==",
      "requires": {
        "@cycle/run": "5.2.0",
        "most": "1.7.3",
        "xstream": "11.10.0"
      }
    },
    "@cycle/run": {
      "version": "5.2.0",
      "resolved": "https://registry.npmjs.org/@cycle/run/-/run-5.2.0.tgz",
      "integrity": "sha512-FTXtJ13I8MkBo7BGBH6S41/vt/Z/s23ZjyhmyTrFGCFxBH5rtIJGcuVPwbSVRlpjFq7G2Vjxd585u+0kANhNvA==",
      "requires": {
        "quicktask": "1.1.0",
        "xstream": "11.10.0"
      }
    },
    "@cycle/state": {
      "version": "1.2.0",
      "resolved": "https://registry.npmjs.org/@cycle/state/-/state-1.2.0.tgz",
      "integrity": "sha512-G9Htl8zEuxd3GhYLm0zwARq1CSOeyaL2VN1SCmMUF6wUvrv17xQGfiYOcfOQ9aFeOwJnc+G9p6Dya2uRNNRhog==",
      "requires": {
        "@cycle/isolate": "5.0.0",
        "@cycle/run": "5.2.0",
        "quicktask": "1.1.0",
        "xstream": "11.10.0"
      }
    },
    "@most/multicast": {
      "version": "1.3.0",
      "resolved": "https://registry.npmjs.org/@most/multicast/-/multicast-1.3.0.tgz",
      "integrity": "sha512-DWH8AShgp5bXn+auGzf5tzPxvpmEvQJd0CNsApOci1LDF4eAEcnw4HQOr2Jaa+L92NbDYFKBSXxll+i7r1ikvw==",
      "requires": {
        "@most/prelude": "1.7.2"
      }
    },
    "@most/prelude": {
      "version": "1.7.2",
      "resolved": "https://registry.npmjs.org/@most/prelude/-/prelude-1.7.2.tgz",
      "integrity": "sha512-GM5ec7+xpkuXiCMyzhyENgH/xZ8t0nAMDBY0QOsVVD6TrZYjJKUnW1eaI18HHX8W+COWMwWR9c0zoPiBp9+tUg=="
    },
    "most": {
      "version": "1.7.3",
      "resolved": "https://registry.npmjs.org/most/-/most-1.7.3.tgz",
      "integrity": "sha512-mk68SM/ptK8WSo3l03raXcWy02Hl7jbzxVozMuvyYxohn4yteh2THhl3+XABF5cunWE8eXHAsLbv+RCJI5y+jg==",
      "requires": {
        "@most/multicast": "1.3.0",
        "@most/prelude": "1.7.2",
        "symbol-observable": "1.2.0"
      }
    },
    "quicktask": {
      "version": "1.1.0",
      "resolved": "https://registry.npmjs.org/quicktask/-/quicktask-1.1.0.tgz",
      "integrity": "sha512-b3w19IEXnt5auacLAbePVsqPyVQUwmuhJQrrWnVhm4pP8PAMg2U9vFHbAD9XYXXbMDjdLJs0x5NLqwTV8uFK4g=="
    },
    "ramda": {
      "version": "0.26.1",
      "resolved": "https://registry.npmjs.org/ramda/-/ramda-0.26.1.tgz",
      "integrity": "sha512-hLWjpy7EnsDBb0p+Z3B7rPi3GDeRG5ZtiI33kJhTt+ORCd38AbAIjB/9zRIUoeTbE/AVX5ZkU7m6bznsvrf8eQ=="
    },
    "sanctuary": {
      "version": "1.0.0",
      "resolved": "https://registry.npmjs.org/sanctuary/-/sanctuary-1.0.0.tgz",
      "integrity": "sha512-H+C80DadljM0gyWe5Y3R8bDIDW8MU8/XBg0h0V2zwusmljRAVrBQshd6XU3zFxk+lHj04e9xoUvBscRfl8vO8g==",
      "requires": {
        "sanctuary-def": "0.19.0",
        "sanctuary-either": "1.1.0",
        "sanctuary-maybe": "1.1.0",
        "sanctuary-pair": "1.1.0",
        "sanctuary-show": "1.0.0",
        "sanctuary-type-classes": "10.0.0",
        "sanctuary-type-identifiers": "2.0.1"
      }
    },
    "sanctuary-def": {
      "version": "0.19.0",
      "resolved": "https://registry.npmjs.org/sanctuary-def/-/sanctuary-def-0.19.0.tgz",
      "integrity": "sha512-1ZJX4LC3Kh4B9bnGGCN8qQS7GrHltLtibQnsaFqaoUpKIT4qCfUuCy/Beke352E948+lmquowyDfkMHtZ/0m3w==",
      "requires": {
        "sanctuary-either": "1.0.0",
        "sanctuary-show": "1.0.0",
        "sanctuary-type-classes": "10.0.0",
        "sanctuary-type-identifiers": "2.0.1"
      },
      "dependencies": {
        "sanctuary-either": {
          "version": "1.0.0",
          "resolved": "https://registry.npmjs.org/sanctuary-either/-/sanctuary-either-1.0.0.tgz",
          "integrity": "sha512-j4WAlwILU83wawXJQCSh5kVK27gxOykMuCfUfUOba/qUcFE+FxwHkt7lnHVYDjt7jG9SENe8bTQzPH/Zmhy3Ag==",
          "requires": {
            "sanctuary-show": "1.0.0",
            "sanctuary-type-classes": "9.0.0"
          },
          "dependencies": {
            "sanctuary-type-classes": {
              "version": "9.0.0",
              "resolved": "https://registry.npmjs.org/sanctuary-type-classes/-/sanctuary-type-classes-9.0.0.tgz",
              "integrity": "sha512-rFW27f3D622kxKravpGU9OjWn66fnDjDjGPvoYo4hEoBg2ocypvp0R9cs0YovKL3jTO+PTceUBh5tYZ+l9ay3g==",
              "requires": {
                "sanctuary-type-identifiers": "1.0.0"
              }
            },
            "sanctuary-type-identifiers": {
              "version": "1.0.0",
              "resolved": "https://registry.npmjs.org/sanctuary-type-identifiers/-/sanctuary-type-identifiers-1.0.0.tgz",
              "integrity": "sha1-6PNZ8AbLXmJM+4RkYD/BFGCL3p8="
            }
          }
        }
      }
    },
    "sanctuary-either": {
      "version": "1.1.0",
      "resolved": "https://registry.npmjs.org/sanctuary-either/-/sanctuary-either-1.1.0.tgz",
      "integrity": "sha512-tQewdQTPKzuJGahV5iuILJM96I+AfIFn3vpi0s2FhHYENbRqO4JeFSWLNT1mJ9SupSJBopgWefWeUjq/ZKfdtg==",
      "requires": {
        "sanctuary-show": "1.0.0",
        "sanctuary-type-classes": "10.0.0"
      }
    },
    "sanctuary-maybe": {
      "version": "1.1.0",
      "resolved": "https://registry.npmjs.org/sanctuary-maybe/-/sanctuary-maybe-1.1.0.tgz",
      "integrity": "sha512-MwHsfddXxfn7Ywy9hiRIA/+lbJBUKeKI/cSHwTKkbLkelSBhSpBgZZI4giSZRwbP9OpxOpbkS+rFc//+HCVwdw==",
      "requires": {
        "sanctuary-show": "1.0.0",
        "sanctuary-type-classes": "10.0.0"
      }
    },
    "sanctuary-pair": {
      "version": "1.1.0",
      "resolved": "https://registry.npmjs.org/sanctuary-pair/-/sanctuary-pair-1.1.0.tgz",
      "integrity": "sha512-lr+lTHZCzKD3PAS8YHB0YhVLsKIRIzoeIg5SBWYquXgabVdVShOT+J+7E3cg4v+FOpgN1HWguYQcbJczCSEVyQ==",
      "requires": {
        "sanctuary-show": "1.0.0",
        "sanctuary-type-classes": "10.0.0"
      }
    },
    "sanctuary-show": {
      "version": "1.0.0",
      "resolved": "https://registry.npmjs.org/sanctuary-show/-/sanctuary-show-1.0.0.tgz",
      "integrity": "sha512-63UqNGr5M6wkzKp6eGc/Gy6JBIV2PbzPd3q88+0F9z0qydAQsCWJ+7e4oor39rEEwj2GkZMDEhqGuiMl9eEnYw=="
    },
    "sanctuary-type-classes": {
      "version": "10.0.0",
      "resolved": "https://registry.npmjs.org/sanctuary-type-classes/-/sanctuary-type-classes-10.0.0.tgz",
      "integrity": "sha512-h5Q1VkW/CmVbmoWDf6HdsgJbx5gc3n6R5lRzzKRssYSkghmqEuAr+0ThJs/bqJK8aiQwh3N2PXP4ZppYEDlSdg==",
      "requires": {
        "sanctuary-type-identifiers": "2.0.1"
      }
    },
    "sanctuary-type-identifiers": {
      "version": "2.0.1",
      "resolved": "https://registry.npmjs.org/sanctuary-type-identifiers/-/sanctuary-type-identifiers-2.0.1.tgz",
      "integrity": "sha1-/FJM9t2Szr/LsN2VCe/xkxWaIO0="
    },
    "snabbdom": {
      "version": "0.7.3",
      "resolved": "https://registry.npmjs.org/snabbdom/-/snabbdom-0.7.3.tgz",
      "integrity": "sha512-XNh90GQiV36hWdfSL46fIVrSSvmBuZlWk3++qaEgBeQWQJCqTphcbjTODPv8/vyZHJaB3VhePsWfGxi/zBxXyw=="
    },
    "snabbdom-selector": {
      "version": "4.1.0",
      "resolved": "https://registry.npmjs.org/snabbdom-selector/-/snabbdom-selector-4.1.0.tgz",
      "integrity": "sha512-NDWOVSUR6yPlxH2F9XRwnF59UObLnItfSXcIw6+azkyrEDqT2c8pZ85UHvjijsgdve3g19qsC0/69tB5eZqTvA==",
      "requires": {
        "tree-selector": "2.1.0"
      }
    },
    "symbol-observable": {
      "version": "1.2.0",
      "resolved": "https://registry.npmjs.org/symbol-observable/-/symbol-observable-1.2.0.tgz",
      "integrity": "sha512-e900nM8RRtGhlV36KGEU9k65K3mPb1WV70OdjfxlG2EAuM1noi/E/BaW/uMhL7bPEssK8QV57vN3esixjUvcXQ=="
    },
    "tree-selector": {
      "version": "2.1.0",
      "resolved": "https://registry.npmjs.org/tree-selector/-/tree-selector-2.1.0.tgz",
      "integrity": "sha512-Giao15zxN5PvdzJv7HDubn3aSrlsWD9TG9xngYkiuChhIgPH6cQqvCGV5sJ/sWahm7nRtPx46hKax81eyz1sOg=="
    },
    "xstream": {
      "version": "11.10.0",
      "resolved": "https://registry.npmjs.org/xstream/-/xstream-11.10.0.tgz",
      "integrity": "sha512-jzFCiRqGtrJi2S1/RPxVFgJwWVBzy4suMPBXlhOi0BJC7VvsXgo2yOHWnOasnj24n2Dlj2Mgfl6fJXPOYmpHFA==",
      "requires": {
        "symbol-observable": "1.2.0"
      }
    }
  }
}
